{
  "pins" : [
    {
      "identity" : "abseil-cpp-swiftpm",
      "kind" : "remoteSourceControl",
      "location" : "https://github.com/firebase/abseil-cpp-SwiftPM.git",
      "state" : {
        "revision" : "583de9bd60f66b40e78d08599cc92036c2e7e4e1",
        "version" : "0.20220203.2"
      }
    },
    {
      "identity" : "alamofire",
      "kind" : "remoteSourceControl",
      "location" : "https://github.com/Alamofire/Alamofire.git",
      "state" : {
        "revision" : "78424be314842833c04bc3bef5b72e85fff99204",
        "version" : "5.6.4"
      }
    },
    {
      "identity" : "alamofireimage",
      "kind" : "remoteSourceControl",
      "location" : "https://github.com/Alamofire/AlamofireImage.git",
      "state" : {
        "revision" : "98cbb00ce0ec5fc8e52a5b50a6bfc08d3e5aee10",
        "version" : "4.2.0"
      }
    },
    {
      "identity" : "atomicswift",
      "kind" : "remoteSourceControl",
      "location" : "https://github.com/DoubleNodeOpen/AtomicSwift.git",
      "state" : {
        "revision" : "58fbeed795715d9c8dd7bb7ae1c36f37f2827089",
        "version" : "1.2.2"
      }
    },
    {
      "identity" : "boringssl-swiftpm",
      "kind" : "remoteSourceControl",
      "location" : "https://github.com/firebase/boringssl-SwiftPM.git",
      "state" : {
        "revision" : "dd3eda2b05a3f459fc3073695ad1b28659066eab",
        "version" : "0.9.1"
      }
    },
    {
      "identity" : "dnsblanknetwork",
      "kind" : "remoteSourceControl",
      "location" : "https://github.com/DoubleNode/DNSBlankNetwork.git",
      "state" : {
        "revision" : "ec002817d3df2265d34fc466fd6e8e034f703449",
        "version" : "1.10.0"
      }
    },
    {
      "identity" : "dnsblankworkers",
      "kind" : "remoteSourceControl",
      "location" : "https://github.com/DoubleNode/DNSBlankWorkers.git",
      "state" : {
        "revision" : "3ecdcda8dd5ab7922b61e60e5664c168cd6b1e8d",
        "version" : "1.10.38"
      }
    },
    {
      "identity" : "dnscore",
      "kind" : "remoteSourceControl",
      "location" : "https://github.com/DoubleNode/DNSCore.git",
      "state" : {
        "revision" : "64bee1480f18e7eeedfc1240ab38a5dfa158db03",
        "version" : "1.10.32"
      }
    },
    {
      "identity" : "dnscorethreading",
      "kind" : "remoteSourceControl",
      "location" : "https://github.com/DoubleNode/DNSCoreThreading.git",
      "state" : {
        "revision" : "6652e0ef7a5f69c6a01b7d85a1b53b8c013f65ad",
        "version" : "1.10.1"
      }
    },
    {
      "identity" : "dnscrashnetwork",
      "kind" : "remoteSourceControl",
      "location" : "https://github.com/DoubleNode/DNSCrashNetwork.git",
      "state" : {
        "revision" : "e458b7662f448f5618a56d48b801a9f577d91394",
        "version" : "1.10.0"
      }
    },
    {
      "identity" : "dnscrashworkers",
      "kind" : "remoteSourceControl",
      "location" : "https://github.com/DoubleNode/DNSCrashWorkers.git",
      "state" : {
        "revision" : "d1e086ea308713c64b49ea3fc4db95de771abab8",
        "version" : "1.10.31"
      }
    },
    {
      "identity" : "dnsdataobjects",
      "kind" : "remoteSourceControl",
      "location" : "https://github.com/DoubleNode/DNSDataObjects.git",
      "state" : {
        "revision" : "32f122b541cc3ab756262b0ef88d32cf19f590a4",
        "version" : "1.10.63"
      }
    },
    {
      "identity" : "dnserror",
      "kind" : "remoteSourceControl",
      "location" : "https://github.com/DoubleNode/DNSError.git",
      "state" : {
        "revision" : "e26f6b4d5855c49801e8d9b20d6304e93294c2cc",
        "version" : "1.10.0"
      }
    },
    {
      "identity" : "dnsprotocols",
      "kind" : "remoteSourceControl",
      "location" : "https://github.com/DoubleNode/DNSProtocols.git",
      "state" : {
        "revision" : "5d46c9f779afb7accd0218c094910a10294a9bc8",
        "version" : "1.10.58"
      }
    },
    {
      "identity" : "firebase-ios-sdk",
      "kind" : "remoteSourceControl",
      "location" : "https://github.com/firebase/firebase-ios-sdk",
      "state" : {
        "revision" : "dce2e1abc6c0d5e830ff1cffe3f8633fda64001e",
        "version" : "10.3.0"
      }
    },
    {
      "identity" : "gifu",
      "kind" : "remoteSourceControl",
      "location" : "https://github.com/kaishin/Gifu.git",
      "state" : {
        "revision" : "51f2eab32903e336f590c013267cfa4d7f8b06c4",
        "version" : "3.3.1"
      }
    },
    {
      "identity" : "googleappmeasurement",
      "kind" : "remoteSourceControl",
      "location" : "https://github.com/google/GoogleAppMeasurement.git",
      "state" : {
        "revision" : "71eb6700dd53a851473c48d392f00a3ab26699a6",
        "version" : "10.1.0"
      }
    },
    {
      "identity" : "googledatatransport",
      "kind" : "remoteSourceControl",
      "location" : "https://github.com/google/GoogleDataTransport.git",
      "state" : {
        "revision" : "5056b15c5acbb90cd214fe4d6138bdf5a740e5a8",
        "version" : "9.2.0"
      }
    },
    {
      "identity" : "googleutilities",
      "kind" : "remoteSourceControl",
      "location" : "https://github.com/google/GoogleUtilities.git",
      "state" : {
        "revision" : "6db6edb48bdd9943426562c7f042a5492de5ba3d",
        "version" : "7.10.0"
      }
    },
    {
      "identity" : "grpc-ios",
      "kind" : "remoteSourceControl",
      "location" : "https://github.com/grpc/grpc-ios.git",
      "state" : {
        "revision" : "8440b914756e0d26d4f4d054a1c1581daedfc5b6",
        "version" : "1.44.3-grpc"
      }
    },
    {
      "identity" : "gtm-session-fetcher",
      "kind" : "remoteSourceControl",
      "location" : "https://github.com/google/gtm-session-fetcher.git",
      "state" : {
        "revision" : "5ccda3981422a84186387dbb763ba739178b529c",
        "version" : "2.3.0"
      }
    },
    {
      "identity" : "keyedcodable",
      "kind" : "remoteSourceControl",
      "location" : "https://github.com/dgrzeszczak/KeyedCodable.git",
      "state" : {
        "revision" : "7e24e26cf3a844ee0dbcdbcc8c78ed45f9570e69",
        "version" : "3.1.2"
      }
    },
    {
      "identity" : "leveldb",
      "kind" : "remoteSourceControl",
      "location" : "https://github.com/firebase/leveldb.git",
      "state" : {
        "revision" : "0706abcc6b0bd9cedfbb015ba840e4a780b5159b",
        "version" : "1.22.2"
      }
    },
    {
      "identity" : "nanopb",
      "kind" : "remoteSourceControl",
      "location" : "https://github.com/firebase/nanopb.git",
      "state" : {
        "revision" : "819d0a2173aff699fb8c364b6fb906f7cdb1a692",
        "version" : "2.30909.0"
      }
    },
    {
      "identity" : "promises",
      "kind" : "remoteSourceControl",
      "location" : "https://github.com/google/promises.git",
      "state" : {
        "revision" : "3e4e743631e86c8c70dbc6efdc7beaa6e90fd3bb",
        "version" : "2.1.1"
      }
    },
    {
      "identity" : "sfsymbol",
      "kind" : "remoteSourceControl",
      "location" : "https://github.com/Nirma/SFSymbol",
      "state" : {
        "revision" : "d6680f79d5b293ddfc4640ad6d4101697426e840",
        "version" : "2.0.0"
      }
    },
    {
      "identity" : "swift-protobuf",
      "kind" : "remoteSourceControl",
      "location" : "https://github.com/apple/swift-protobuf.git",
      "state" : {
        "revision" : "ab3a58b7209a17d781c0d1dbb3e1ff3da306bae8",
        "version" : "1.20.3"
      }
    },
    {
      "identity" : "swiftybeaver",
      "kind" : "remoteSourceControl",
      "location" : "https://github.com/SwiftyBeaver/SwiftyBeaver.git",
      "state" : {
        "revision" : "12b5acf96d98f91d50de447369bd18df74600f1a",
        "version" : "1.9.6"
      }
    }
  ],
  "version" : 2
}
